
Microsoft Visual Studio Solution File, Format Version 12.00
# Visual Studio Version 17
VisualStudioVersion = 17.2.32616.157
MinimumVisualStudioVersion = 10.0.40219.1
Project("{FAE04EC0-301F-11D3-BF4B-00C04F79EFBC}") = "add", "add.csproj", "{8C099478-27DD-465B-BF65-DA664ABFD730}"
EndProject
Global
	GlobalSection(SolutionConfigurationPlatforms) = preSolution
		Debug|Any CPU = Debug|Any CPU
		Release|Any CPU = Release|Any CPU
	EndGlobalSection
	GlobalSection(ProjectConfigurationPlatforms) = postSolution
		{8C099478-27DD-465B-BF65-DA664ABFD730}.Debug|Any CPU.ActiveCfg = Debug|Any CPU
		{8C099478-27DD-465B-BF65-DA664ABFD730}.Debug|Any CPU.Build.0 = Debug|Any CPU
		{8C099478-27DD-465B-BF65-DA664ABFD730}.Release|Any CPU.ActiveCfg = Release|Any CPU
		{8C099478-27DD-465B-BF65-DA664ABFD730}.Release|Any CPU.Build.0 = Release|Any CPU
	EndGlobalSection
	GlobalSection(SolutionProperties) = preSolution
		HideSolutionNode = FALSE
	EndGlobalSection
	GlobalSection(ExtensibilityGlobals) = postSolution
		SolutionGuid = {4AC31F44-2B3C-4C93-857D-A4C62447C780}
	EndGlobalSection
EndGlobal
